<?xml version="1.0" encoding="utf-8"?>
<Project ToolsVersion="4.0" xmlns="http://schemas.microsoft.com/developer/msbuild/2003">
  <ItemGroup>
    <Filter Include="源文件">
      <UniqueIdentifier>{4FC737F1-C7A5-4376-A066-2A32D752A2FF}</UniqueIdentifier>
      <Extensions>cpp;c;cc;cxx;c++;cppm;ixx;def;odl;idl;hpj;bat;asm;asmx</Extensions>
    </Filter>
    <Filter Include="头文件">
      <UniqueIdentifier>{93995380-89BD-4b04-88EB-625FBE52EBFB}</UniqueIdentifier>
      <Extensions>h;hh;hpp;hxx;h++;hm;inl;inc;ipp;xsd</Extensions>
    </Filter>
    <Filter Include="资源文件">
      <UniqueIdentifier>{67DA6AB6-F800-4c08-8B7A-83BB121AAD01}</UniqueIdentifier>
      <Extensions>rc;ico;cur;bmp;dlg;rc2;rct;bin;rgs;gif;jpg;jpeg;jpe;resx;tiff;tif;png;wav;mfcribbon-ms</Extensions>
    </Filter>
  </ItemGroup>
  <ItemGroup>
    <ClCompile Include="main.cpp">
      <Filter>源文件</Filter>
    </ClCompile>
    <ClCompile Include="core\Engine.cpp">
      <Filter>源文件</Filter>
    </ClCompile>
    <ClCompile Include="Graphics\TextureManager.cpp">
      <Filter>源文件</Filter>
    </ClCompile>
    <ClCompile Include="Characters\Warrior.cpp">
      <Filter>源文件</Filter>
    </ClCompile>
    <ClCompile Include="Animation\Animation.cpp">
      <Filter>源文件</Filter>
    </ClCompile>
    <ClCompile Include="Inputs\Input.cpp">
      <Filter>源文件</Filter>
    </ClCompile>
    <ClCompile Include="Timer\Timer.cpp">
      <Filter>源文件</Filter>
    </ClCompile>
    <ClCompile Include="Map\TileLayer.cpp">
      <Filter>源文件</Filter>
    </ClCompile>
    <ClCompile Include="Map\MapParser.cpp">
      <Filter>源文件</Filter>
    </ClCompile>
    <ClCompile Include="vendor\tinyxml\tinystr.cpp">
      <Filter>源文件</Filter>
    </ClCompile>
    <ClCompile Include="vendor\tinyxml\tinyxml.cpp">
      <Filter>源文件</Filter>
    </ClCompile>
    <ClCompile Include="vendor\tinyxml\tinyxmlparser.cpp">
      <Filter>源文件</Filter>
    </ClCompile>
    <ClCompile Include="vendor\tinyxml\tinyxmlerror.cpp">
      <Filter>源文件</Filter>
    </ClCompile>
    <ClCompile Include="Camera\Camera.cpp">
      <Filter>源文件</Filter>
    </ClCompile>
    <ClCompile Include="Collision\CollisionHandler.cpp">
      <Filter>源文件</Filter>
    </ClCompile>
    <ClCompile Include="Animation\SpriteAnimation.cpp">
      <Filter>源文件</Filter>
    </ClCompile>
    <ClCompile Include="Animation\SeqAnimation.cpp">
      <Filter>源文件</Filter>
    </ClCompile>
  </ItemGroup>
  <ItemGroup>
    <ClInclude Include="core\Engine.h">
      <Filter>头文件</Filter>
    </ClInclude>
    <ClInclude Include="Graphics\TextureManager.h">
      <Filter>头文件</Filter>
    </ClInclude>
    <ClInclude Include="Physics\Vector2D.h">
      <Filter>头文件</Filter>
    </ClInclude>
    <ClInclude Include="Physics\Transform.h">
      <Filter>头文件</Filter>
    </ClInclude>
    <ClInclude Include="Object\IObject.h">
      <Filter>头文件</Filter>
    </ClInclude>
    <ClInclude Include="Object\GameObject.h">
      <Filter>头文件</Filter>
    </ClInclude>
    <ClInclude Include="Characters\Character.h">
      <Filter>头文件</Filter>
    </ClInclude>
    <ClInclude Include="Characters\Warrior.h">
      <Filter>头文件</Filter>
    </ClInclude>
    <ClInclude Include="Animation\Animation.h">
      <Filter>头文件</Filter>
    </ClInclude>
    <ClInclude Include="Physics\RigidBody.h">
      <Filter>头文件</Filter>
    </ClInclude>
    <ClInclude Include="Inputs\Input.h">
      <Filter>头文件</Filter>
    </ClInclude>
    <ClInclude Include="Timer\Timer.h">
      <Filter>头文件</Filter>
    </ClInclude>
    <ClInclude Include="Map\Layer.h">
      <Filter>头文件</Filter>
    </ClInclude>
    <ClInclude Include="Map\GameMap.h">
      <Filter>头文件</Filter>
    </ClInclude>
    <ClInclude Include="Map\TileLayer.h">
      <Filter>头文件</Filter>
    </ClInclude>
    <ClInclude Include="Map\MapParser.h">
      <Filter>头文件</Filter>
    </ClInclude>
    <ClInclude Include="vendor\tinyxml\tinystr.h">
      <Filter>头文件</Filter>
    </ClInclude>
    <ClInclude Include="vendor\tinyxml\tinyxml.h">
      <Filter>头文件</Filter>
    </ClInclude>
    <ClInclude Include="Camera\Camera.h">
      <Filter>头文件</Filter>
    </ClInclude>
    <ClInclude Include="Collision\CollisionHandler.h">
      <Filter>头文件</Filter>
    </ClInclude>
    <ClInclude Include="Physics\Collider.h">
      <Filter>头文件</Filter>
    </ClInclude>
    <ClInclude Include="Animation\AnimationNew.h">
      <Filter>头文件</Filter>
    </ClInclude>
    <ClInclude Include="Animation\SpriteAnimation.h">
      <Filter>头文件</Filter>
    </ClInclude>
    <ClInclude Include="Animation\SeqAnimation.h">
      <Filter>头文件</Filter>
    </ClInclude>
  </ItemGroup>
  <ItemGroup>
    <Image Include="..\..\..\..\My project\Assets\Image\Skeleton\Skeleton Walk.png">
      <Filter>资源文件</Filter>
    </Image>
  </ItemGroup>
</Project>